
Microsoft Visual Studio Solution File, Format Version 12.00
# Visual Studio 2013
VisualStudioVersion = 12.0.31101.0
MinimumVisualStudioVersion = 10.0.40219.1
Project("{8BC9CEB8-8B4A-11D0-8D11-00A0C91BC942}") = "test-cppunit", "test-cppunit\test-cppunit.vcxproj", "{472F3DC2-78E9-4EF4-9F9C-CD635F0A2073}"
EndProject
Project("{8BC9CEB8-8B4A-11D0-8D11-00A0C91BC942}") = "test-boost", "test-boost\test-boost.vcxproj", "{A8910F98-82B7-40C6-BB72-49CF1CCFFABD}"
EndProject
Project("{8BC9CEB8-8B4A-11D0-8D11-00A0C91BC942}") = "test-gtest", "test-gtest\test-gtest.vcxproj", "{3D4D7A53-4CB4-4F55-A640-3A3AE4F875C8}"
EndProject
Global
	GlobalSection(SolutionConfigurationPlatforms) = preSolution
		Debug|Win32 = Debug|Win32
		Release|Win32 = Release|Win32
	EndGlobalSection
	GlobalSection(ProjectConfigurationPlatforms) = postSolution
		{472F3DC2-78E9-4EF4-9F9C-CD635F0A2073}.Debug|Win32.ActiveCfg = Debug|Win32
		{472F3DC2-78E9-4EF4-9F9C-CD635F0A2073}.Debug|Win32.Build.0 = Debug|Win32
		{472F3DC2-78E9-4EF4-9F9C-CD635F0A2073}.Release|Win32.ActiveCfg = Release|Win32
		{472F3DC2-78E9-4EF4-9F9C-CD635F0A2073}.Release|Win32.Build.0 = Release|Win32
		{A8910F98-82B7-40C6-BB72-49CF1CCFFABD}.Debug|Win32.ActiveCfg = Debug|Win32
		{A8910F98-82B7-40C6-BB72-49CF1CCFFABD}.Debug|Win32.Build.0 = Debug|Win32
		{A8910F98-82B7-40C6-BB72-49CF1CCFFABD}.Release|Win32.ActiveCfg = Release|Win32
		{A8910F98-82B7-40C6-BB72-49CF1CCFFABD}.Release|Win32.Build.0 = Release|Win32
		{3D4D7A53-4CB4-4F55-A640-3A3AE4F875C8}.Debug|Win32.ActiveCfg = Debug|Win32
		{3D4D7A53-4CB4-4F55-A640-3A3AE4F875C8}.Debug|Win32.Build.0 = Debug|Win32
		{3D4D7A53-4CB4-4F55-A640-3A3AE4F875C8}.Release|Win32.ActiveCfg = Release|Win32
		{3D4D7A53-4CB4-4F55-A640-3A3AE4F875C8}.Release|Win32.Build.0 = Release|Win32
	EndGlobalSection
	GlobalSection(SolutionProperties) = preSolution
		HideSolutionNode = FALSE
	EndGlobalSection
EndGlobal
